// !$*UTF8*$!
{
	archiveVersion = 1;
	classes = {
	};
	objectVersion = 46;
	objects = {

/* Begin PBXBuildFile section */
		E3F826B31A2EE8CA00B56CE0 /* main.m in Sources */ = {isa = PBXBuildFile; fileRef = E3F826B21A2EE8CA00B56CE0 /* main.m */; };
		E3F826B61A2EE8CA00B56CE0 /* AppDelegate.m in Sources */ = {isa = PBXBuildFile; fileRef = E3F826B51A2EE8CA00B56CE0 /* AppDelegate.m */; };
		E3F826B91A2EE8CA00B56CE0 /* ViewController.m in Sources */ = {isa = PBXBuildFile; fileRef = E3F826B81A2EE8CA00B56CE0 /* ViewController.m */; };
		E3F826BC1A2EE8CA00B56CE0 /* Main.storyboard in Resources */ = {isa = PBXBuildFile; fileRef = E3F826BA1A2EE8CA00B56CE0 /* Main.storyboard */; };
		E3F826BE1A2EE8CA00B56CE0 /* Images.xcassets in Resources */ = {isa = PBXBuildFile; fileRef = E3F826BD1A2EE8CA00B56CE0 /* Images.xcassets */; };
		E3F826C11A2EE8CA00B56CE0 /* LaunchScreen.xib in Resources */ = {isa = PBXBuildFile; fileRef = E3F826BF1A2EE8CA00B56CE0 /* LaunchScreen.xib */; };
		E3F826CD1A2EE8CA00B56CE0 /* Demo_IOSAndJSExchangeTests.m in Sources */ = {isa = PBXBuildFile; fileRef = E3F826CC1A2EE8CA00B56CE0 /* Demo_IOSAndJSExchangeTests.m */; };
/* End PBXBuildFile section */

/* Begin PBXContainerItemProxy section */
		E3F826C71A2EE8CA00B56CE0 /* PBXContainerItemProxy */ = {
			isa = PBXContainerItemProxy;
			containerPortal = E3F826A51A2EE8CA00B56CE0 /* Project object */;
			proxyType = 1;
			remoteGlobalIDString = E3F826AC1A2EE8CA00B56CE0;
			remoteInfo = Demo_IOSAndJSExchange;
		};
/* End PBXContainerItemProxy section */

/* Begin PBXFileReference section */
		E3F826AD1A2EE8CA00B56CE0 /* Demo_IOSAndJSExchange.app */ = {isa = PBXFileReference; explicitFileType = wrapper.application; includeInIndex = 0; path = Demo_IOSAndJSExchange.app; sourceTree = BUILT_PRODUCTS_DIR; };
		E3F826B11A2EE8CA00B56CE0 /* Info.plist */ = {isa = PBXFileReference; lastKnownFileType = text.plist.xml; path = Info.plist; sourceTree = "<group>"; };
		E3F826B21A2EE8CA00B56CE0 /* main.m */ = {isa = PBXFileReference; lastKnownFileType = sourcecode.c.objc; path = main.m; sourceTree = "<group>"; };
		E3F826B41A2EE8CA00B56CE0 /* AppDelegate.h */ = {isa = PBXFileReference; lastKnownFileType = sourcecode.c.h; path = AppDelegate.h; sourceTree = "<group>"; };
		E3F826B51A2EE8CA00B56CE0 /* AppDelegate.m */ = {isa = PBXFileReference; lastKnownFileType = sourcecode.c.objc; path = AppDelegate.m; sourceTree = "<group>"; };
		E3F826B71A2EE8CA00B56CE0 /* ViewController.h */ = {isa = PBXFileReference; lastKnownFileType = sourcecode.c.h; path = ViewController.h; sourceTree = "<group>"; };
		E3F826B81A2EE8CA00B56CE0 /* ViewController.m */ = {isa = PBXFileReference; lastKnownFileType = sourcecode.c.objc; path = ViewController.m; sourceTree = "<group>"; };
		E3F826BB1A2EE8CA00B56CE0 /* Base */ = {isa = PBXFileReference; lastKnownFileType = file.storyboard; name = Base; path = Base.lproj/Main.storyboard; sourceTree = "<group>"; };
		E3F826BD1A2EE8CA00B56CE0 /* Images.xcassets */ = {isa = PBXFileReference; lastKnownFileType = folder.assetcatalog; path = Images.xcassets; sourceTree = "<group>"; };
		E3F826C01A2EE8CA00B56CE0 /* Base */ = {isa = PBXFileReference; lastKnownFileType = file.xib; name = Base; path = Base.lproj/LaunchScreen.xib; sourceTree = "<group>"; };
		E3F826C61A2EE8CA00B56CE0 /* Demo_IOSAndJSExchangeTests.xctest */ = {isa = PBXFileReference; explicitFileType = wrapper.cfbundle; includeInIndex = 0; path = Demo_IOSAndJSExchangeTests.xctest; sourceTree = BUILT_PRODUCTS_DIR; };
		E3F826CB1A2EE8CA00B56CE0 /* Info.plist */ = {isa = PBXFileReference; lastKnownFileType = text.plist.xml; path = Info.plist; sourceTree = "<group>"; };
		E3F826CC1A2EE8CA00B56CE0 /* Demo_IOSAndJSExchangeTests.m */ = {isa = PBXFileReference; lastKnownFileType = sourcecode.c.objc; path = Demo_IOSAndJSExchangeTests.m; sourceTree = "<group>"; };
/* End PBXFileReference section */

/* Begin PBXFrameworksBuildPhase section */
		E3F826AA1A2EE8CA00B56CE0 /* Frameworks */ = {
			isa = PBXFrameworksBuildPhase;
			buildActionMask = 2147483647;
			files = (
			);
			runOnlyForDeploymentPostprocessing = 0;
		};
		E3F826C31A2EE8CA00B56CE0 /* Frameworks */ = {
			isa = PBXFrameworksBuildPhase;
			buildActionMask = 2147483647;
			files = (
			);
			runOnlyForDeploymentPostprocessing = 0;
		};
/* End PBXFrameworksBuildPhase section */

/* Begin PBXGroup section */
		E3F826A41A2EE8CA00B56CE0 = {
			isa = PBXGroup;
			children = (
				E3F826AF1A2EE8CA00B56CE0 /* Demo_IOSAndJSExchange */,
				E3F826C91A2EE8CA00B56CE0 /* Demo_IOSAndJSExchangeTests */,
				E3F826AE1A2EE8CA00B56CE0 /* Products */,
			);
			sourceTree = "<group>";
		};
		E3F826AE1A2EE8CA00B56CE0 /* Products */ = {
			isa = PBXGroup;
			children = (
				E3F826AD1A2EE8CA00B56CE0 /* Demo_IOSAndJSExchange.app */,
				E3F826C61A2EE8CA00B56CE0 /* Demo_IOSAndJSExchangeTests.xctest */,
			);
			name = Products;
			sourceTree = "<group>";
		};
		E3F826AF1A2EE8CA00B56CE0 /* Demo_IOSAndJSExchange */ = {
			isa = PBXGroup;
			children = (
				E3F826B41A2EE8CA00B56CE0 /* AppDelegate.h */,
				E3F826B51A2EE8CA00B56CE0 /* AppDelegate.m */,
				E3F826B71A2EE8CA00B56CE0 /* ViewController.h */,
				E3F826B81A2EE8CA00B56CE0 /* ViewController.m */,
				E3F826BA1A2EE8CA00B56CE0 /* Main.storyboard */,
				E3F826BD1A2EE8CA00B56CE0 /* Images.xcassets */,
				E3F826BF1A2EE8CA00B56CE0 /* LaunchScreen.xib */,
				E3F826B01A2EE8CA00B56CE0 /* Supporting Files */,
			);
			path = Demo_IOSAndJSExchange;
			sourceTree = "<group>";
		};
		E3F826B01A2EE8CA00B56CE0 /* Supporting Files */ = {
			isa = PBXGroup;
			children = (
				E3F826B11A2EE8CA00B56CE0 /* Info.plist */,
				E3F826B21A2EE8CA00B56CE0 /* main.m */,
			);
			name = "Supporting Files";
			sourceTree = "<group>";
		};
		E3F826C91A2EE8CA00B56CE0 /* Demo_IOSAndJSExchangeTests */ = {
			isa = PBXGroup;
			children = (
				E3F826CC1A2EE8CA00B56CE0 /* Demo_IOSAndJSExchangeTests.m */,
				E3F826CA1A2EE8CA00B56CE0 /* Supporting Files */,
			);
			path = Demo_IOSAndJSExchangeTests;
			sourceTree = "<group>";
		};
		E3F826CA1A2EE8CA00B56CE0 /* Supporting Files */ = {
			isa = PBXGroup;
			children = (
				E3F826CB1A2EE8CA00B56CE0 /* Info.plist */,
			);
			name = "Supporting Files";
			sourceTree = "<group>";
		};
/* End PBXGroup section */

/* Begin PBXNativeTarget section */
		E3F826AC1A2EE8CA00B56CE0 /* Demo_IOSAndJSExchange */ = {
			isa = PBXNativeTarget;
			buildConfigurationList = E3F826D01A2EE8CA00B56CE0 /* Build configuration list for PBXNativeTarget "Demo_IOSAndJSExchange" */;
			buildPhases = (
				E3F826A91A2EE8CA00B56CE0 /* Sources */,
				E3F826AA1A2EE8CA00B56CE0 /* Frameworks */,
				E3F826AB1A2EE8CA00B56CE0 /* Resources */,
			);
			buildRules = (
			);
			dependencies = (
			);
			name = Demo_IOSAndJSExchange;
			productName = Demo_IOSAndJSExchange;
			productReference = E3F826AD1A2EE8CA00B56CE0 /* Demo_IOSAndJSExchange.app */;
			productType = "com.apple.product-type.application";
		};
		E3F826C51A2EE8CA00B56CE0 /* Demo_IOSAndJSExchangeTests */ = {
			isa = PBXNativeTarget;
			buildConfigurationList = E3F826D31A2EE8CA00B56CE0 /* Build configuration list for PBXNativeTarget "Demo_IOSAndJSExchangeTests" */;
			buildPhases = (
				E3F826C21A2EE8CA00B56CE0 /* Sources */,
				E3F826C31A2EE8CA00B56CE0 /* Frameworks */,
				E3F826C41A2EE8CA00B56CE0 /* Resources */,
			);
			buildRules = (
			);
			dependencies = (
				E3F826C81A2EE8CA00B56CE0 /* PBXTargetDependency */,
			);
			name = Demo_IOSAndJSExchangeTests;
			productName = Demo_IOSAndJSExchangeTests;
			productReference = E3F826C61A2EE8CA00B56CE0 /* Demo_IOSAndJSExchangeTests.xctest */;
			productType = "com.apple.product-type.bundle.unit-test";
		};
/* End PBXNativeTarget section */

/* Begin PBXProject section */
		E3F826A51A2EE8CA00B56CE0 /* Project object */ = {
			isa = PBXProject;
			attributes = {
				LastUpgradeCheck = 0610;
				ORGANIZATIONNAME = liudukun;
				TargetAttributes = {
					E3F826AC1A2EE8CA00B56CE0 = {
						CreatedOnToolsVersion = 6.1.1;
					};
					E3F826C51A2EE8CA00B56CE0 = {
						CreatedOnToolsVersion = 6.1.1;
						TestTargetID = E3F826AC1A2EE8CA00B56CE0;
					};
				};
			};
			buildConfigurationList = E3F826A81A2EE8CA00B56CE0 /* Build configuration list for PBXProject "Demo_IOSAndJSExchange" */;
			compatibilityVersion = "Xcode 3.2";
			developmentRegion = English;
			hasScannedForEncodings = 0;
			knownRegions = (
				en,
				Base,
			);
			mainGroup = E3F826A41A2EE8CA00B56CE0;
			productRefGroup = E3F826AE1A2EE8CA00B56CE0 /* Products */;
			projectDirPath = "";
			projectRoot = "";
			targets = (
				E3F826AC1A2EE8CA00B56CE0 /* Demo_IOSAndJSExchange */,
				E3F826C51A2EE8CA00B56CE0 /* Demo_IOSAndJSExchangeTests */,
			);
		};
/* End PBXProject section */

/* Begin PBXResourcesBuildPhase section */
		E3F826AB1A2EE8CA00B56CE0 /* Resources */ = {
			isa = PBXResourcesBuildPhase;
			buildActionMask = 2147483647;
			files = (
				E3F826BC1A2EE8CA00B56CE0 /* Main.storyboard in Resources */,
				E3F826C11A2EE8CA00B56CE0 /* LaunchScreen.xib in Resources */,
				E3F826BE1A2EE8CA00B56CE0 /* Images.xcassets in Resources */,
			);
			runOnlyForDeploymentPostprocessing = 0;
		};
		E3F826C41A2EE8CA00B56CE0 /* Resources */ = {
			isa = PBXResourcesBuildPhase;
			buildActionMask = 2147483647;
			files = (
			);
			runOnlyForDeploymentPostprocessing = 0;
		};
/* End PBXResourcesBuildPhase section */

/* Begin PBXSourcesBuildPhase section */
		E3F826A91A2EE8CA00B56CE0 /* Sources */ = {
			isa = PBXSourcesBuildPhase;
			buildActionMask = 2147483647;
			files = (
				E3F826B91A2EE8CA00B56CE0 /* ViewController.m in Sources */,
				E3F826B61A2EE8CA00B56CE0 /* AppDelegate.m in Sources */,
				E3F826B31A2EE8CA00B56CE0 /* main.m in Sources */,
			);
			runOnlyForDeploymentPostprocessing = 0;
		};
		E3F826C21A2EE8CA00B56CE0 /* Sources */ = {
			isa = PBXSourcesBuildPhase;
			buildActionMask = 2147483647;
			files = (
				E3F826CD1A2EE8CA00B56CE0 /* Demo_IOSAndJSExchangeTests.m in Sources */,
			);
			runOnlyForDeploymentPostprocessing = 0;
		};
/* End PBXSourcesBuildPhase section */

/* Begin PBXTargetDependency section */
		E3F826C81A2EE8CA00B56CE0 /* PBXTargetDependency */ = {
			isa = PBXTargetDependency;
			target = E3F826AC1A2EE8CA00B56CE0 /* Demo_IOSAndJSExchange */;
			targetProxy = E3F826C71A2EE8CA00B56CE0 /* PBXContainerItemProxy */;
		};
/* End PBXTargetDependency section */

/* Begin PBXVariantGroup section */
		E3F826BA1A2EE8CA00B56CE0 /* Main.storyboard */ = {
			isa = PBXVariantGroup;
			children = (
				E3F826BB1A2EE8CA00B56CE0 /* Base */,
			);
			name = Main.storyboard;
			sourceTree = "<group>";
		};
		E3F826BF1A2EE8CA00B56CE0 /* LaunchScreen.xib */ = {
			isa = PBXVariantGroup;
			children = (
				E3F826C01A2EE8CA00B56CE0 /* Base */,
			);
			name = LaunchScreen.xib;
			sourceTree = "<group>";
		};
/* End PBXVariantGroup section */

/* Begin XCBuildConfiguration section */
		E3F826CE1A2EE8CA00B56CE0 /* Debug */ = {
			isa = XCBuildConfiguration;
			buildSettings = {
				ALWAYS_SEARCH_USER_PATHS = NO;
				CLANG_CXX_LANGUAGE_STANDARD = "gnu++0x";
				CLANG_CXX_LIBRARY = "libc++";
				CLANG_ENABLE_MODULES = YES;
				CLANG_ENABLE_OBJC_ARC = YES;
				CLANG_WARN_BOOL_CONVERSION = YES;
				CLANG_WARN_CONSTANT_CONVERSION = YES;
				CLANG_WARN_DIRECT_OBJC_ISA_USAGE = YES_ERROR;
				CLANG_WARN_EMPTY_BODY = YES;
				CLANG_WARN_ENUM_CONVERSION = YES;
				CLANG_WARN_INT_CONVERSION = YES;
				CLANG_WARN_OBJC_ROOT_CLASS = YES_ERROR;
				CLANG_WARN_UNREACHABLE_CODE = YES;
				CLANG_WARN__DUPLICATE_METHOD_MATCH = YES;
				"CODE_SIGN_IDENTITY[sdk=iphoneos*]" = "iPhone Developer";
				COPY_PHASE_STRIP = NO;
				ENABLE_STRICT_OBJC_MSGSEND = YES;
				GCC_C_LANGUAGE_STANDARD = gnu99;
				GCC_DYNAMIC_NO_PIC = NO;
				GCC_OPTIMIZATION_LEVEL = 0;
				GCC_PREPROCESSOR_DEFINITIONS = (
					"DEBUG=1",
					"$(inherited)",
				);
				GCC_SYMBOLS_PRIVATE_EXTERN = NO;
				GCC_WARN_64_TO_32_BIT_CONVERSION = YES;
				GCC_WARN_ABOUT_RETURN_TYPE = YES_ERROR;
				GCC_WARN_UNDECLARED_SELECTOR = YES;
				GCC_WARN_UNINITIALIZED_AUTOS = YES_AGGRESSIVE;
				GCC_WARN_UNUSED_FUNCTION = YES;
				GCC_WARN_UNUSED_VARIABLE = YES;
				IPHONEOS_DEPLOYMENT_TARGET = 8.1;
				MTL_ENABLE_DEBUG_INFO = YES;
				ONLY_ACTIVE_ARCH = YES;
				SDKROOT = iphoneos;
			};
			name = Debug;
		};
		E3F826CF1A2EE8CA00B56CE0 /* Release */ = {
			isa = XCBuildConfiguration;
			buildSettings = {
				ALWAYS_SEARCH_USER_PATHS = NO;
				CLANG_CXX_LANGUAGE_STANDARD = "gnu++0x";
				CLANG_CXX_LIBRARY = "libc++";
				CLANG_ENABLE_MODULES = YES;
				CLANG_ENABLE_OBJC_ARC = YES;
				CLANG_WARN_BOOL_CONVERSION = YES;
				CLANG_WARN_CONSTANT_CONVERSION = YES;
				CLANG_WARN_DIRECT_OBJC_ISA_USAGE = YES_ERROR;
				CLANG_WARN_EMPTY_BODY = YES;
				CLANG_WARN_ENUM_CONVERSION = YES;
				CLANG_WARN_INT_CONVERSION = YES;
				CLANG_WARN_OBJC_ROOT_CLASS = YES_ERROR;
				CLANG_WARN_UNREACHABLE_CODE = YES;
				CLANG_WARN__DUPLICATE_METHOD_MATCH = YES;
				"CODE_SIGN_IDENTITY[sdk=iphoneos*]" = "iPhone Developer";
				COPY_PHASE_STRIP = YES;
				ENABLE_NS_ASSERTIONS = NO;
				ENABLE_STRICT_OBJC_MSGSEND = YES;
				GCC_C_LANGUAGE_STANDARD = gnu99;
				GCC_WARN_64_TO_32_BIT_CONVERSION = YES;
				GCC_WARN_ABOUT_RETURN_TYPE = YES_ERROR;
				GCC_WARN_UNDECLARED_SELECTOR = YES;
				GCC_WARN_UNINITIALIZED_AUTOS = YES_AGGRESSIVE;
				GCC_WARN_UNUSED_FUNCTION = YES;
				GCC_WARN_UNUSED_VARIABLE = YES;
				IPHONEOS_DEPLOYMENT_TARGET = 8.1;
				MTL_ENABLE_DEBUG_INFO = NO;
				SDKROOT = iphoneos;
				VALIDATE_PRODUCT = YES;
			};
			name = Release;
		};
		E3F826D11A2EE8CA00B56CE0 /* Debug */ = {
			isa = XCBuildConfiguration;
			buildSettings = {
				ASSETCATALOG_COMPILER_APPICON_NAME = AppIcon;
				INFOPLIST_FILE = Demo_IOSAndJSExchange/Info.plist;
				LD_RUNPATH_SEARCH_PATHS = "$(inherited) @executable_path/Frameworks";
				PRODUCT_NAME = "$(TARGET_NAME)";
			};
			name = Debug;
		};
		E3F826D21A2EE8CA00B56CE0 /* Release */ = {
			isa = XCBuildConfiguration;
			buildSettings = {
				ASSETCATALOG_COMPILER_APPICON_NAME = AppIcon;
				INFOPLIST_FILE = Demo_IOSAndJSExchange/Info.plist;
				LD_RUNPATH_SEARCH_PATHS = "$(inherited) @executable_path/Frameworks";
				PRODUCT_NAME = "$(TARGET_NAME)";
			};
			name = Release;
		};
		E3F826D41A2EE8CA00B56CE0 /* Debug */ = {
			isa = XCBuildConfiguration;
			buildSettings = {
				BUNDLE_LOADER = "$(TEST_HOST)";
				FRAMEWORK_SEARCH_PATHS = (
					"$(SDKROOT)/Developer/Library/Frameworks",
					"$(inherited)",
				);
				GCC_PREPROCESSOR_DEFINITIONS = (
					"DEBUG=1",
					"$(inherited)",
				);
				INFOPLIST_FILE = Demo_IOSAndJSExchangeTests/Info.plist;
				LD_RUNPATH_SEARCH_PATHS = "$(inherited) @executable_path/Frameworks @loader_path/Frameworks";
				PRODUCT_NAME = "$(TARGET_NAME)";
				TEST_HOST = "$(BUILT_PRODUCTS_DIR)/Demo_IOSAndJSExchange.app/Demo_IOSAndJSExchange";
			};
			name = Debug;
		};
		E3F826D51A2EE8CA00B56CE0 /* Release */ = {
			isa = XCBuildConfiguration;
			buildSettings = {
				BUNDLE_LOADER = "$(TEST_HOST)";
				FRAMEWORK_SEARCH_PATHS = (
					"$(SDKROOT)/Developer/Library/Frameworks",
					"$(inherited)",
				);
				INFOPLIST_FILE = Demo_IOSAndJSExchangeTests/Info.plist;
				LD_RUNPATH_SEARCH_PATHS = "$(inherited) @executable_path/Frameworks @loader_path/Frameworks";
				PRODUCT_NAME = "$(TARGET_NAME)";
				TEST_HOST = "$(BUILT_PRODUCTS_DIR)/Demo_IOSAndJSExchange.app/Demo_IOSAndJSExchange";
			};
			name = Release;
		};
/* End XCBuildConfiguration section */

/* Begin XCConfigurationList section */
		E3F826A81A2EE8CA00B56CE0 /* Build configuration list for PBXProject "Demo_IOSAndJSExchange" */ = {
			isa = XCConfigurationList;
			buildConfigurations = (
				E3F826CE1A2EE8CA00B56CE0 /* Debug */,
				E3F826CF1A2EE8CA00B56CE0 /* Release */,
			);
			defaultConfigurationIsVisible = 0;
			defaultConfigurationName = Release;
		};
		E3F826D01A2EE8CA00B56CE0 /* Build configuration list for PBXNativeTarget "Demo_IOSAndJSExchange" */ = {
			isa = XCConfigurationList;
			buildConfigurations = (
				E3F826D11A2EE8CA00B56CE0 /* Debug */,
				E3F826D21A2EE8CA00B56CE0 /* Release */,
			);
			defaultConfigurationIsVisible = 0;
		};
		E3F826D31A2EE8CA00B56CE0 /* Build configuration list for PBXNativeTarget "Demo_IOSAndJSExchangeTests" */ = {
			isa = XCConfigurationList;
			buildConfigurations = (
				E3F826D41A2EE8CA00B56CE0 /* Debug */,
				E3F826D51A2EE8CA00B56CE0 /* Release */,
			);
			defaultConfigurationIsVisible = 0;
		};
/* End XCConfigurationList section */
	};
	rootObject = E3F826A51A2EE8CA00B56CE0 /* Project object */;
}
